
Microsoft Visual Studio Solution File, Format Version 12.00
# Visual Studio Version 17
VisualStudioVersion = 17.14.36518.9 d17.14
MinimumVisualStudioVersion = 10.0.40219.1
Project("{FAE04EC0-301F-11D3-BF4B-00C04F79EFBC}") = "ControleDeEstoque", "ControleDeEstoque\ControleDeEstoque.csproj", "{7D3E4FE4-52DE-4163-A8D0-764ED459FE85}"
EndProject
Global
	GlobalSection(SolutionConfigurationPlatforms) = preSolution
		Debug|Any CPU = Debug|Any CPU
		Release|Any CPU = Release|Any CPU
	EndGlobalSection
	GlobalSection(ProjectConfigurationPlatforms) = postSolution
		{7D3E4FE4-52DE-4163-A8D0-764ED459FE85}.Debug|Any CPU.ActiveCfg = Debug|Any CPU
		{7D3E4FE4-52DE-4163-A8D0-764ED459FE85}.Debug|Any CPU.Build.0 = Debug|Any CPU
		{7D3E4FE4-52DE-4163-A8D0-764ED459FE85}.Release|Any CPU.ActiveCfg = Release|Any CPU
		{7D3E4FE4-52DE-4163-A8D0-764ED459FE85}.Release|Any CPU.Build.0 = Release|Any CPU
	EndGlobalSection
	GlobalSection(SolutionProperties) = preSolution
		HideSolutionNode = FALSE
	EndGlobalSection
	GlobalSection(ExtensibilityGlobals) = postSolution
		SolutionGuid = {32ED3000-508B-4FE5-BE37-C1587FF16B15}
	EndGlobalSection
EndGlobal
